
Microsoft Visual Studio Solution File, Format Version 12.00
# Visual Studio Version 16
VisualStudioVersion = 16.0.30611.23
MinimumVisualStudioVersion = 10.0.40219.1
Project("{9A19103F-16F7-4668-BE54-9A1E7A4F7556}") = "Harbor", "Hamnen\Harbor.csproj", "{C26A18B4-0FB4-47CF-9893-506E2794CDE4}"
EndProject
Global
	GlobalSection(SolutionConfigurationPlatforms) = preSolution
		Debug|Any CPU = Debug|Any CPU
		Release|Any CPU = Release|Any CPU
	EndGlobalSection
	GlobalSection(ProjectConfigurationPlatforms) = postSolution
		{C26A18B4-0FB4-47CF-9893-506E2794CDE4}.Debug|Any CPU.ActiveCfg = Debug|Any CPU
		{C26A18B4-0FB4-47CF-9893-506E2794CDE4}.Debug|Any CPU.Build.0 = Debug|Any CPU
		{C26A18B4-0FB4-47CF-9893-506E2794CDE4}.Release|Any CPU.ActiveCfg = Release|Any CPU
		{C26A18B4-0FB4-47CF-9893-506E2794CDE4}.Release|Any CPU.Build.0 = Release|Any CPU
	EndGlobalSection
	GlobalSection(SolutionProperties) = preSolution
		HideSolutionNode = FALSE
	EndGlobalSection
	GlobalSection(ExtensibilityGlobals) = postSolution
		SolutionGuid = {CD5B5F61-79A0-44E9-A2FD-8AE2B255A64C}
	EndGlobalSection
EndGlobal
